
Microsoft Visual Studio Solution File, Format Version 12.00
# Visual Studio 2012
Project("{FAE04EC0-301F-11D3-BF4B-00C04F79EFBC}") = "angular-fileupload-grid-demo", "angular-fileupload-grid-demo.csproj", "{E7BED051-95F6-4E13-AF43-A5FBD2EE2457}"
EndProject
Global
	GlobalSection(SolutionConfigurationPlatforms) = preSolution
		Debug|Any CPU = Debug|Any CPU
		Release|Any CPU = Release|Any CPU
	EndGlobalSection
	GlobalSection(ProjectConfigurationPlatforms) = postSolution
		{E7BED051-95F6-4E13-AF43-A5FBD2EE2457}.Debug|Any CPU.ActiveCfg = Debug|Any CPU
		{E7BED051-95F6-4E13-AF43-A5FBD2EE2457}.Debug|Any CPU.Build.0 = Debug|Any CPU
		{E7BED051-95F6-4E13-AF43-A5FBD2EE2457}.Release|Any CPU.ActiveCfg = Release|Any CPU
		{E7BED051-95F6-4E13-AF43-A5FBD2EE2457}.Release|Any CPU.Build.0 = Release|Any CPU
	EndGlobalSection
	GlobalSection(SolutionProperties) = preSolution
		HideSolutionNode = FALSE
	EndGlobalSection
EndGlobal
